schema: '2.0'
stages:
  data_ingestion:
    cmd: .venv/bin/python src/data_ingestion.py
    deps:
    - path: data/raw/Churn prediction DataSet.csv
      hash: md5
      md5: 0f9de68e012bd3aed5fa7cdc9fc421af
      size: 977501
      isexec: true
    - path: src/data_ingestion.py
      hash: md5
      md5: 0fe20d675246e56f6133e0cd920e6f0e
      size: 894
      isexec: true
    outs:
    - path: data/raw/ingested.csv
      hash: md5
      md5: 8cac3095fcf1fdc5d276164ba877e721
      size: 971241
      isexec: true
  preprocessing:
    cmd: .venv/bin/python src/preprocessing.py
    deps:
    - path: data/raw/ingested.csv
      hash: md5
      md5: 8cac3095fcf1fdc5d276164ba877e721
      size: 971241
      isexec: true
    - path: src/preprocessing.py
      hash: md5
      md5: 2b43bb2f51ed5eb60595bb0a5aca2cb0
      size: 4269
      isexec: true
    outs:
    - path: data/processed/X_test.csv
      hash: md5
      md5: ec188fe639c573225bd13541d09600ce
      size: 320903
      isexec: true
    - path: data/processed/X_train.csv
      hash: md5
      md5: 0d487bd4b17c3dd3e2699e603e652af5
      size: 1280753
      isexec: true
    - path: data/processed/y_test.csv
      hash: md5
      md5: f0270f5ed4fa7449598f897bb4eb34c2
      size: 2824
      isexec: true
    - path: data/processed/y_train.csv
      hash: md5
      md5: c9b61327d9c9b8b3d1a988e0ba0d7f3d
      size: 11274
      isexec: true
  training:
    cmd: .venv/bin/python src/train.py
    deps:
    - path: data/processed/X_train.csv
      hash: md5
      md5: 0d487bd4b17c3dd3e2699e603e652af5
      size: 1280753
      isexec: true
    - path: data/processed/y_train.csv
      hash: md5
      md5: c9b61327d9c9b8b3d1a988e0ba0d7f3d
      size: 11274
      isexec: true
    - path: src/train.py
      hash: md5
      md5: b4bc25bb86f97c37246512d0832bc873
      size: 5368
      isexec: true
    outs:
    - path: models/best_model.joblib
      hash: md5
      md5: 124173ed7a76456763cc0e8d9a662669
      size: 141192
      isexec: true
  evaluation:
    cmd: .venv/bin/python src/evaluate.py
    deps:
    - path: data/processed/X_test.csv
      hash: md5
      md5: ec188fe639c573225bd13541d09600ce
      size: 320903
      isexec: true
    - path: data/processed/y_test.csv
      hash: md5
      md5: f0270f5ed4fa7449598f897bb4eb34c2
      size: 2824
      isexec: true
    - path: models/best_model.joblib
      hash: md5
      md5: 124173ed7a76456763cc0e8d9a662669
      size: 141192
      isexec: true
    - path: src/evaluate.py
      hash: md5
      md5: 1261d5514ade43912e25e2af23ac82fc
      size: 1640
      isexec: true
    outs:
    - path: reports/metrics.json
      hash: md5
      md5: b1434af388b47b44696ff51c842b5a38
      size: 259
      isexec: true
